
Microsoft Visual Studio Solution File, Format Version 12.00
# Visual Studio Version 17
VisualStudioVersion = 17.4.33213.308
MinimumVisualStudioVersion = 10.0.40219.1
Project("{9A19103F-16F7-4668-BE54-9A1E7A4F7556}") = "Zadanie2", "Zadanie2\Zadanie2.csproj", "{4A07B835-9672-4E03-B0C6-DBBDE1A93146}"
EndProject
Project("{9A19103F-16F7-4668-BE54-9A1E7A4F7556}") = "Zadanie3", "Zadanie3\Zadanie3.csproj", "{C6319470-256D-492A-9B53-BA49FDDA2487}"
EndProject
Project("{9A19103F-16F7-4668-BE54-9A1E7A4F7556}") = "Zadanie4", "Zadanie4\Zadanie4.csproj", "{0E9F6195-5C1A-4B16-8E64-9335A2F1A9B4}"
EndProject
Project("{FAE04EC0-301F-11D3-BF4B-00C04F79EFBC}") = "Zadanie5", "Zadanie5\Zadanie5.csproj", "{0A8BDFB1-3CF3-4D0B-8D63-753902420523}"
EndProject
Project("{FAE04EC0-301F-11D3-BF4B-00C04F79EFBC}") = "Zadanie6", "Zadanie6\Zadanie6.csproj", "{E5644001-E98D-4BCA-A49B-B2908B328D3B}"
EndProject
Project("{FAE04EC0-301F-11D3-BF4B-00C04F79EFBC}") = "Zadanie7", "Zadanie7\Zadanie7.csproj", "{D008C7E8-EDB5-47AD-9CB5-0899FFDD8FA7}"
EndProject
Project("{FAE04EC0-301F-11D3-BF4B-00C04F79EFBC}") = "Zadanie1.1", "Zadanie1.1\Zadanie1.1.csproj", "{C83D815E-E01D-45B9-BF72-54946B90AD01}"
EndProject
Global
	GlobalSection(SolutionConfigurationPlatforms) = preSolution
		Debug|Any CPU = Debug|Any CPU
		Release|Any CPU = Release|Any CPU
	EndGlobalSection
	GlobalSection(ProjectConfigurationPlatforms) = postSolution
		{4A07B835-9672-4E03-B0C6-DBBDE1A93146}.Debug|Any CPU.ActiveCfg = Debug|Any CPU
		{4A07B835-9672-4E03-B0C6-DBBDE1A93146}.Debug|Any CPU.Build.0 = Debug|Any CPU
		{4A07B835-9672-4E03-B0C6-DBBDE1A93146}.Release|Any CPU.ActiveCfg = Release|Any CPU
		{4A07B835-9672-4E03-B0C6-DBBDE1A93146}.Release|Any CPU.Build.0 = Release|Any CPU
		{C6319470-256D-492A-9B53-BA49FDDA2487}.Debug|Any CPU.ActiveCfg = Debug|Any CPU
		{C6319470-256D-492A-9B53-BA49FDDA2487}.Debug|Any CPU.Build.0 = Debug|Any CPU
		{C6319470-256D-492A-9B53-BA49FDDA2487}.Release|Any CPU.ActiveCfg = Release|Any CPU
		{C6319470-256D-492A-9B53-BA49FDDA2487}.Release|Any CPU.Build.0 = Release|Any CPU
		{0E9F6195-5C1A-4B16-8E64-9335A2F1A9B4}.Debug|Any CPU.ActiveCfg = Debug|Any CPU
		{0E9F6195-5C1A-4B16-8E64-9335A2F1A9B4}.Debug|Any CPU.Build.0 = Debug|Any CPU
		{0E9F6195-5C1A-4B16-8E64-9335A2F1A9B4}.Release|Any CPU.ActiveCfg = Release|Any CPU
		{0E9F6195-5C1A-4B16-8E64-9335A2F1A9B4}.Release|Any CPU.Build.0 = Release|Any CPU
		{0A8BDFB1-3CF3-4D0B-8D63-753902420523}.Debug|Any CPU.ActiveCfg = Debug|Any CPU
		{0A8BDFB1-3CF3-4D0B-8D63-753902420523}.Debug|Any CPU.Build.0 = Debug|Any CPU
		{0A8BDFB1-3CF3-4D0B-8D63-753902420523}.Release|Any CPU.ActiveCfg = Release|Any CPU
		{0A8BDFB1-3CF3-4D0B-8D63-753902420523}.Release|Any CPU.Build.0 = Release|Any CPU
		{E5644001-E98D-4BCA-A49B-B2908B328D3B}.Debug|Any CPU.ActiveCfg = Debug|Any CPU
		{E5644001-E98D-4BCA-A49B-B2908B328D3B}.Debug|Any CPU.Build.0 = Debug|Any CPU
		{E5644001-E98D-4BCA-A49B-B2908B328D3B}.Release|Any CPU.ActiveCfg = Release|Any CPU
		{E5644001-E98D-4BCA-A49B-B2908B328D3B}.Release|Any CPU.Build.0 = Release|Any CPU
		{D008C7E8-EDB5-47AD-9CB5-0899FFDD8FA7}.Debug|Any CPU.ActiveCfg = Debug|Any CPU
		{D008C7E8-EDB5-47AD-9CB5-0899FFDD8FA7}.Debug|Any CPU.Build.0 = Debug|Any CPU
		{D008C7E8-EDB5-47AD-9CB5-0899FFDD8FA7}.Release|Any CPU.ActiveCfg = Release|Any CPU
		{D008C7E8-EDB5-47AD-9CB5-0899FFDD8FA7}.Release|Any CPU.Build.0 = Release|Any CPU
		{C83D815E-E01D-45B9-BF72-54946B90AD01}.Debug|Any CPU.ActiveCfg = Debug|Any CPU
		{C83D815E-E01D-45B9-BF72-54946B90AD01}.Debug|Any CPU.Build.0 = Debug|Any CPU
		{C83D815E-E01D-45B9-BF72-54946B90AD01}.Release|Any CPU.ActiveCfg = Release|Any CPU
		{C83D815E-E01D-45B9-BF72-54946B90AD01}.Release|Any CPU.Build.0 = Release|Any CPU
	EndGlobalSection
	GlobalSection(SolutionProperties) = preSolution
		HideSolutionNode = FALSE
	EndGlobalSection
	GlobalSection(ExtensibilityGlobals) = postSolution
		SolutionGuid = {6E57BE1B-AC04-4E49-84FC-E4469DCB84CB}
	EndGlobalSection
EndGlobal
